
Microsoft Visual Studio Solution File, Format Version 12.00
# Visual Studio Version 16
VisualStudioVersion = 16.0.33927.289
MinimumVisualStudioVersion = 10.0.40219.1
Project("{9A19103F-16F7-4668-BE54-9A1E7A4F7556}") = "FileSystemEdu", "FileSystemEdu\FileSystemEdu.csproj", "{227B5876-1B64-475A-B2BE-68DBF68D555A}"
EndProject
Project("{9A19103F-16F7-4668-BE54-9A1E7A4F7556}") = "DirectiryWork", "DirectiryWork\DirectiryWork.csproj", "{11CC8557-0B98-4F26-A85E-120D49086847}"
EndProject
Project("{9A19103F-16F7-4668-BE54-9A1E7A4F7556}") = "DeliteFolder", "DeliteFolder\DeliteFolder.csproj", "{FBF15927-F889-4E4D-83A3-3539ACB4CBA2}"
EndProject
Project("{9A19103F-16F7-4668-BE54-9A1E7A4F7556}") = "WorkWithOwnFile", "WorkWithOwnFile\WorkWithOwnFile.csproj", "{D42275B2-538E-443E-A86E-43378A5814F5}"
EndProject
Project("{9A19103F-16F7-4668-BE54-9A1E7A4F7556}") = "BinaryFiles", "BinaryFiles\BinaryFiles.csproj", "{CA4A5E35-CE73-4CD4-AE69-F344F35612DB}"
EndProject
Project("{FAE04EC0-301F-11D3-BF4B-00C04F79EFBC}") = "Serialization", "Serialization\Serialization.csproj", "{241D56AA-495E-4E41-A6A3-4F21FE30BA73}"
EndProject
Global
	GlobalSection(SolutionConfigurationPlatforms) = preSolution
		Debug|Any CPU = Debug|Any CPU
		Release|Any CPU = Release|Any CPU
	EndGlobalSection
	GlobalSection(ProjectConfigurationPlatforms) = postSolution
		{227B5876-1B64-475A-B2BE-68DBF68D555A}.Debug|Any CPU.ActiveCfg = Debug|Any CPU
		{227B5876-1B64-475A-B2BE-68DBF68D555A}.Debug|Any CPU.Build.0 = Debug|Any CPU
		{227B5876-1B64-475A-B2BE-68DBF68D555A}.Release|Any CPU.ActiveCfg = Release|Any CPU
		{227B5876-1B64-475A-B2BE-68DBF68D555A}.Release|Any CPU.Build.0 = Release|Any CPU
		{11CC8557-0B98-4F26-A85E-120D49086847}.Debug|Any CPU.ActiveCfg = Debug|Any CPU
		{11CC8557-0B98-4F26-A85E-120D49086847}.Debug|Any CPU.Build.0 = Debug|Any CPU
		{11CC8557-0B98-4F26-A85E-120D49086847}.Release|Any CPU.ActiveCfg = Release|Any CPU
		{11CC8557-0B98-4F26-A85E-120D49086847}.Release|Any CPU.Build.0 = Release|Any CPU
		{FBF15927-F889-4E4D-83A3-3539ACB4CBA2}.Debug|Any CPU.ActiveCfg = Debug|Any CPU
		{FBF15927-F889-4E4D-83A3-3539ACB4CBA2}.Debug|Any CPU.Build.0 = Debug|Any CPU
		{FBF15927-F889-4E4D-83A3-3539ACB4CBA2}.Release|Any CPU.ActiveCfg = Release|Any CPU
		{FBF15927-F889-4E4D-83A3-3539ACB4CBA2}.Release|Any CPU.Build.0 = Release|Any CPU
		{D42275B2-538E-443E-A86E-43378A5814F5}.Debug|Any CPU.ActiveCfg = Debug|Any CPU
		{D42275B2-538E-443E-A86E-43378A5814F5}.Debug|Any CPU.Build.0 = Debug|Any CPU
		{D42275B2-538E-443E-A86E-43378A5814F5}.Release|Any CPU.ActiveCfg = Release|Any CPU
		{D42275B2-538E-443E-A86E-43378A5814F5}.Release|Any CPU.Build.0 = Release|Any CPU
		{CA4A5E35-CE73-4CD4-AE69-F344F35612DB}.Debug|Any CPU.ActiveCfg = Debug|Any CPU
		{CA4A5E35-CE73-4CD4-AE69-F344F35612DB}.Debug|Any CPU.Build.0 = Debug|Any CPU
		{CA4A5E35-CE73-4CD4-AE69-F344F35612DB}.Release|Any CPU.ActiveCfg = Release|Any CPU
		{CA4A5E35-CE73-4CD4-AE69-F344F35612DB}.Release|Any CPU.Build.0 = Release|Any CPU
		{241D56AA-495E-4E41-A6A3-4F21FE30BA73}.Debug|Any CPU.ActiveCfg = Debug|Any CPU
		{241D56AA-495E-4E41-A6A3-4F21FE30BA73}.Debug|Any CPU.Build.0 = Debug|Any CPU
		{241D56AA-495E-4E41-A6A3-4F21FE30BA73}.Release|Any CPU.ActiveCfg = Release|Any CPU
		{241D56AA-495E-4E41-A6A3-4F21FE30BA73}.Release|Any CPU.Build.0 = Release|Any CPU
	EndGlobalSection
	GlobalSection(SolutionProperties) = preSolution
		HideSolutionNode = FALSE
	EndGlobalSection
	GlobalSection(ExtensibilityGlobals) = postSolution
		SolutionGuid = {F9494D22-2069-425B-86A7-2420EF09FB4A}
	EndGlobalSection
EndGlobal
